
Microsoft Visual Studio Solution File, Format Version 12.00
# Visual Studio Version 17
VisualStudioVersion = 17.6.33723.286
MinimumVisualStudioVersion = 10.0.40219.1
Project("{FAE04EC0-301F-11D3-BF4B-00C04F79EFBC}") = "GeoLocations", "GeoLocations\GeoLocations.csproj", "{AEEE04EF-AD96-44FB-82AB-35B894EF2DBE}"
EndProject
Global
	GlobalSection(SolutionConfigurationPlatforms) = preSolution
		Debug|Any CPU = Debug|Any CPU
		Release|Any CPU = Release|Any CPU
	EndGlobalSection
	GlobalSection(ProjectConfigurationPlatforms) = postSolution
		{AEEE04EF-AD96-44FB-82AB-35B894EF2DBE}.Debug|Any CPU.ActiveCfg = Debug|Any CPU
		{AEEE04EF-AD96-44FB-82AB-35B894EF2DBE}.Debug|Any CPU.Build.0 = Debug|Any CPU
		{AEEE04EF-AD96-44FB-82AB-35B894EF2DBE}.Release|Any CPU.ActiveCfg = Release|Any CPU
		{AEEE04EF-AD96-44FB-82AB-35B894EF2DBE}.Release|Any CPU.Build.0 = Release|Any CPU
	EndGlobalSection
	GlobalSection(SolutionProperties) = preSolution
		HideSolutionNode = FALSE
	EndGlobalSection
	GlobalSection(ExtensibilityGlobals) = postSolution
		SolutionGuid = {9CA67A88-DEE8-4D73-B40D-0C147D91F340}
	EndGlobalSection
EndGlobal
